
Microsoft Visual Studio Solution File, Format Version 12.00
# Visual Studio 15
VisualStudioVersion = 15.0.26124.0
MinimumVisualStudioVersion = 15.0.26124.0
Project("{FAE04EC0-301F-11D3-BF4B-00C04F79EFBC}") = "name-sorter", "name-sorter\name-sorter.csproj", "{AB09A4BE-5FC8-4016-AE7C-B87704D58E00}"
EndProject
Project("{FAE04EC0-301F-11D3-BF4B-00C04F79EFBC}") = "name-sorter-tester", "name-sorter-tester\name-sorter-tester.csproj", "{24B1DF5E-3A6F-40FC-8D7E-CD3328C7817F}"
EndProject
Global
	GlobalSection(SolutionConfigurationPlatforms) = preSolution
		Debug|Any CPU = Debug|Any CPU
		Debug|x64 = Debug|x64
		Debug|x86 = Debug|x86
		Release|Any CPU = Release|Any CPU
		Release|x64 = Release|x64
		Release|x86 = Release|x86
	EndGlobalSection
	GlobalSection(SolutionProperties) = preSolution
		HideSolutionNode = FALSE
	EndGlobalSection
	GlobalSection(ProjectConfigurationPlatforms) = postSolution
		{AB09A4BE-5FC8-4016-AE7C-B87704D58E00}.Debug|Any CPU.ActiveCfg = Debug|Any CPU
		{AB09A4BE-5FC8-4016-AE7C-B87704D58E00}.Debug|Any CPU.Build.0 = Debug|Any CPU
		{AB09A4BE-5FC8-4016-AE7C-B87704D58E00}.Debug|x64.ActiveCfg = Debug|Any CPU
		{AB09A4BE-5FC8-4016-AE7C-B87704D58E00}.Debug|x64.Build.0 = Debug|Any CPU
		{AB09A4BE-5FC8-4016-AE7C-B87704D58E00}.Debug|x86.ActiveCfg = Debug|Any CPU
		{AB09A4BE-5FC8-4016-AE7C-B87704D58E00}.Debug|x86.Build.0 = Debug|Any CPU
		{AB09A4BE-5FC8-4016-AE7C-B87704D58E00}.Release|Any CPU.ActiveCfg = Release|Any CPU
		{AB09A4BE-5FC8-4016-AE7C-B87704D58E00}.Release|Any CPU.Build.0 = Release|Any CPU
		{AB09A4BE-5FC8-4016-AE7C-B87704D58E00}.Release|x64.ActiveCfg = Release|Any CPU
		{AB09A4BE-5FC8-4016-AE7C-B87704D58E00}.Release|x64.Build.0 = Release|Any CPU
		{AB09A4BE-5FC8-4016-AE7C-B87704D58E00}.Release|x86.ActiveCfg = Release|Any CPU
		{AB09A4BE-5FC8-4016-AE7C-B87704D58E00}.Release|x86.Build.0 = Release|Any CPU
		{24B1DF5E-3A6F-40FC-8D7E-CD3328C7817F}.Debug|Any CPU.ActiveCfg = Debug|Any CPU
		{24B1DF5E-3A6F-40FC-8D7E-CD3328C7817F}.Debug|Any CPU.Build.0 = Debug|Any CPU
		{24B1DF5E-3A6F-40FC-8D7E-CD3328C7817F}.Debug|x64.ActiveCfg = Debug|Any CPU
		{24B1DF5E-3A6F-40FC-8D7E-CD3328C7817F}.Debug|x64.Build.0 = Debug|Any CPU
		{24B1DF5E-3A6F-40FC-8D7E-CD3328C7817F}.Debug|x86.ActiveCfg = Debug|Any CPU
		{24B1DF5E-3A6F-40FC-8D7E-CD3328C7817F}.Debug|x86.Build.0 = Debug|Any CPU
		{24B1DF5E-3A6F-40FC-8D7E-CD3328C7817F}.Release|Any CPU.ActiveCfg = Release|Any CPU
		{24B1DF5E-3A6F-40FC-8D7E-CD3328C7817F}.Release|Any CPU.Build.0 = Release|Any CPU
		{24B1DF5E-3A6F-40FC-8D7E-CD3328C7817F}.Release|x64.ActiveCfg = Release|Any CPU
		{24B1DF5E-3A6F-40FC-8D7E-CD3328C7817F}.Release|x64.Build.0 = Release|Any CPU
		{24B1DF5E-3A6F-40FC-8D7E-CD3328C7817F}.Release|x86.ActiveCfg = Release|Any CPU
		{24B1DF5E-3A6F-40FC-8D7E-CD3328C7817F}.Release|x86.Build.0 = Release|Any CPU
	EndGlobalSection
EndGlobal
